{
  "version": "5",
  "specifiers": {
    "jsr:@std/assert@*": "1.0.19",
    "jsr:@std/internal@^1.0.12": "1.0.12",
    "npm:@axe-core/playwright@*": "4.11.2_playwright-core@1.60.0",
    "npm:@playwright/test@*": "1.60.0",
    "npm:playwright@*": "1.60.0",
    "npm:typescript@*": "5.4.5",
    "npm:typescript@5.4.5": "5.4.5"
  },
  "jsr": {
    "@std/assert@1.0.19": {
      "integrity": "eaada96ee120cb980bc47e040f82814d786fe8162ecc53c91d8df60b8755991e",
      "dependencies": [
        "jsr:@std/internal"
      ]
    },
    "@std/internal@1.0.12": {
      "integrity": "972a634fd5bc34b242024402972cd5143eac68d8dffaca5eaa4dba30ce17b027"
    }
  },
  "npm": {
    "@axe-core/playwright@4.11.2_playwright-core@1.60.0": {
      "integrity": "sha512-iP6hfNl9G0j/SEUSo8M7D80RbcDo9KRAAfDP4IT5OHB+Wm6zUHIrm8Y51BKI+Oyqduvipf9u1hcRy57zCBKzWQ==",
      "dependencies": [
        "axe-core",
        "playwright-core"
      ]
    },
    "@playwright/test@1.60.0": {
      "integrity": "sha512-O71yZIbAh/PxDMNGns37GHBIfrVkEVyn+AXyIa5dOTfb4/xNvRWV+Vv/NMbNCtODB/pO7vLlF2OTmMVLhmr7Ag==",
      "dependencies": [
        "playwright"
      ],
      "bin": true
    },
    "axe-core@4.11.3": {
      "integrity": "sha512-zBQouZixDTbo3jMGqHKyePxYxr1e5W8UdTmBQ7sNtaA9M2bE32daxxPLS/jojhKOHxQ7LWwPjfiwf/fhaJWzlg=="
    },
    "fsevents@2.3.2": {
      "integrity": "sha512-xiqMQR4xAeHTuB9uWm+fFRcIOgKBMiOBP+eXiyT7jsgVCq1bkVygt00oASowB7EdtpOHaaPgKt812P9ab+DDKA==",
      "os": ["darwin"],
      "scripts": true
    },
    "playwright-core@1.60.0": {
      "integrity": "sha512-9bW6zvX/m0lEbgTKJ6YppOKx8H3VOPBMOCFh2irXFOT4BbHgrx5hPjwJYLT40Lu+4qtD36qKc/Hn56StUW57IA==",
      "bin": true
    },
    "playwright@1.60.0": {
      "integrity": "sha512-hheHdokM8cdqCb0lcE3s+zT4t4W+vvjpGxsZlDnikarzx8tSzMebh3UiFtgqwFwnTnjYQcsyMF8ei2mCO/tpeA==",
      "dependencies": [
        "playwright-core"
      ],
      "optionalDependencies": [
        "fsevents"
      ],
      "bin": true
    },
    "typescript@5.4.5": {
      "integrity": "sha512-vcI4UpRgg81oIRUFwR0WSIHKt11nJ7SAVlYNIu+QpqeyXP+gpQJy/Z4+F0aGxSE4MqwjyXvW/TzgkLAx2AGHwQ==",
      "bin": true
    }
  },
  "redirects": {
    "https://esm.sh/@nodelib/fs.stat@^2.0.2?target=denonext": "https://esm.sh/@nodelib/fs.stat@2.0.5?target=denonext",
    "https://esm.sh/@nodelib/fs.walk@^1.2.3?target=denonext": "https://esm.sh/@nodelib/fs.walk@1.2.8?target=denonext",
    "https://esm.sh/@ts-morph/common@~0.22.0?target=denonext": "https://esm.sh/@ts-morph/common@0.22.0?target=denonext",
    "https://esm.sh/balanced-match@^1.0.0?target=denonext": "https://esm.sh/balanced-match@1.0.2?target=denonext",
    "https://esm.sh/brace-expansion@^2.0.2?target=denonext": "https://esm.sh/brace-expansion@2.1.4?target=denonext",
    "https://esm.sh/braces@^3.0.3?target=denonext": "https://esm.sh/braces@3.0.3?target=denonext",
    "https://esm.sh/buffer-from@^1.0.0?target=denonext": "https://esm.sh/buffer-from@1.1.2?target=denonext",
    "https://esm.sh/code-block-writer@^12.0.0?target=denonext": "https://esm.sh/code-block-writer@12.0.0?target=denonext",
    "https://esm.sh/fast-glob@^3.3.2?target=denonext": "https://esm.sh/fast-glob@3.3.3?target=denonext",
    "https://esm.sh/fastq@^1.6.0?target=denonext": "https://esm.sh/fastq@1.20.3?target=denonext",
    "https://esm.sh/fill-range@^7.1.1?target=denonext": "https://esm.sh/fill-range@7.1.1?target=denonext",
    "https://esm.sh/glob-parent@^5.1.2?target=denonext": "https://esm.sh/glob-parent@5.1.2?target=denonext",
    "https://esm.sh/is-extglob@^2.1.1?target=denonext": "https://esm.sh/is-extglob@2.1.1?target=denonext",
    "https://esm.sh/is-glob@^4.0.1?target=denonext": "https://esm.sh/is-glob@4.0.3?target=denonext",
    "https://esm.sh/merge2@^1.3.0?target=denonext": "https://esm.sh/merge2@1.4.1?target=denonext",
    "https://esm.sh/micromatch@^4.0.8?target=denonext": "https://esm.sh/micromatch@4.0.8?target=denonext",
    "https://esm.sh/minimatch@^9.0.3?target=denonext": "https://esm.sh/minimatch@9.0.9?target=denonext",
    "https://esm.sh/mkdirp@^3.0.1?target=denonext": "https://esm.sh/mkdirp@3.0.1?target=denonext",
    "https://esm.sh/path-browserify@^1.0.1?target=denonext": "https://esm.sh/path-browserify@1.0.1?target=denonext",
    "https://esm.sh/picomatch@^2.3.1/lib/utils?target=denonext": "https://esm.sh/picomatch@2.3.2/lib/utils?target=denonext",
    "https://esm.sh/picomatch@^2.3.1?target=denonext": "https://esm.sh/picomatch@2.3.2?target=denonext",
    "https://esm.sh/queue-microtask@^1.2.2?target=denonext": "https://esm.sh/queue-microtask@1.2.3?target=denonext",
    "https://esm.sh/reusify@^1.0.4?target=denonext": "https://esm.sh/reusify@1.1.0?target=denonext",
    "https://esm.sh/run-parallel@^1.1.9?target=denonext": "https://esm.sh/run-parallel@1.2.0?target=denonext",
    "https://esm.sh/source-map-support?target=denonext": "https://esm.sh/source-map-support@0.5.21?target=denonext",
    "https://esm.sh/source-map@^0.6.0?target=denonext": "https://esm.sh/source-map@0.6.1?target=denonext",
    "https://esm.sh/to-regex-range@^5.0.1?target=denonext": "https://esm.sh/to-regex-range@5.0.1?target=denonext"
  },
  "remote": {
    "https://esm.sh/@nodelib/fs.scandir@2.1.5/denonext/fs.scandir.mjs": "274e376535b7b253c73f86a42b3bda10049b6fea75db4cc7b53b88db339286b9",
    "https://esm.sh/@nodelib/fs.stat@2.0.5/denonext/fs.stat.mjs": "54da00841dc5e6b5581f50e299fb9fd23864c11526145c2bd581e5b40737cecf",
    "https://esm.sh/@nodelib/fs.stat@2.0.5?target=denonext": "7703befd72f56697b978206aa0942d7f53aab31b0a55f1244b4fd794fc81499c",
    "https://esm.sh/@nodelib/fs.walk@1.2.8/denonext/fs.walk.mjs": "ce895194f61083880e5aef2390ea4edcfc12597f308be1561a1266392f0f67eb",
    "https://esm.sh/@nodelib/fs.walk@1.2.8?target=denonext": "a68ec3adf7a2812351a3ed3cb8df689acad4c7afc70fee986dcd895be3a9bbbb",
    "https://esm.sh/@ts-morph/common@0.22.0/denonext/common.mjs": "a7327250d297a271931bc79ef811f1f816fbc8a6e80943c3f27003ca806c6b97",
    "https://esm.sh/@ts-morph/common@0.22.0?target=denonext": "30096a28df30bddf81cc2734d52324cb290576d2d748e0227bfdeb5c2591c277",
    "https://esm.sh/balanced-match@1.0.2/denonext/balanced-match.mjs": "f5c1249307feeb11c86f01aad5a3e1956837aa506720754f39277b0318f3fca0",
    "https://esm.sh/balanced-match@1.0.2?target=denonext": "0212d336642dd2f874fe13604bf5eaa2caf08c1dab84e87f4b284d9e8972d9c9",
    "https://esm.sh/brace-expansion@2.1.4/denonext/brace-expansion.mjs": "02e9a86f99561a1e5b394ccb44b49bbb40e5e2ab2ab317bd1ef591ebb036f462",
    "https://esm.sh/brace-expansion@2.1.4?target=denonext": "49e023373bb861f71f537c569a5b3e5edd16df09b652e5cbf78637db2ef78d2a",
    "https://esm.sh/braces@3.0.3/denonext/braces.mjs": "b8022ac5b0c7f407a21c56d9f34946dd6b70813783a6501087fc51b92a084f37",
    "https://esm.sh/braces@3.0.3?target=denonext": "58c0fed5cc432a2192aad7eeaf6e3988b96830a6c6ec0ad51dfc97578b2e8dee",
    "https://esm.sh/buffer-from@1.1.2/denonext/buffer-from.mjs": "dafdfaf9205bdc33bcde4f4a22014fa78b325c07e25d3f0316c8a609076ec2ad",
    "https://esm.sh/buffer-from@1.1.2?target=denonext": "0333d3eb82fde733d4b26ae6558a3b7fca98fd7192fc2ffb1c0714522199e02e",
    "https://esm.sh/code-block-writer@12.0.0/denonext/code-block-writer.mjs": "9bb67f7d2214ea24adb34ffd25cacdd2e0cb73c3960f962e02ec1c5fb2974fdc",
    "https://esm.sh/code-block-writer@12.0.0?target=denonext": "dd0254e3c0453d767b8ab6109b430f94649e6adbefccabcdb93e17486909ab97",
    "https://esm.sh/fast-glob@3.3.3/denonext/fast-glob.mjs": "bc2ec29657213c78f8da058a57d46b40ba9c1cbfa59c43a97f786f7049fc2bd0",
    "https://esm.sh/fast-glob@3.3.3?target=denonext": "013bbfcf40dbc297f3ae57f7c85a9fa6af2029e24258e2fd69076dbf0fac7e9f",
    "https://esm.sh/fastq@1.20.3/denonext/fastq.mjs": "0439fab9e89b9d0d25824ad2b36e01fa915ae5670c095f655188e8f8fe9ec58b",
    "https://esm.sh/fastq@1.20.3?target=denonext": "9cdfb761d041bcab23db42cb93a859c9e15a57244bb6f192aa881246a2d76c23",
    "https://esm.sh/fill-range@7.1.1/denonext/fill-range.mjs": "a617c46f1e0a36d1aaefdcda2790bcf05c986c5ecff805ecc615faad25ff8d02",
    "https://esm.sh/fill-range@7.1.1?target=denonext": "3a1d3f856665be6a3a26a1007b55729d1eaa4142397a605b14b752458b997241",
    "https://esm.sh/glob-parent@5.1.2/denonext/glob-parent.mjs": "656e4f93468626b7b0c388908d24132e893315386ec1e83322b74cb0dcde5d1c",
    "https://esm.sh/glob-parent@5.1.2?target=denonext": "0e04ba2ebac5a052f7d5671a73c19f72407c2660bd3d5a5be577dd1ffcdfc7dc",
    "https://esm.sh/is-extglob@2.1.1/denonext/is-extglob.mjs": "adbceb33b529cc88849ee39364a0eea16088cefb795221d3be31c7d6c2b7a47d",
    "https://esm.sh/is-extglob@2.1.1?target=denonext": "cc21d63edf9dcc600d613af9dc30eeac8c8ee324104dab9f978fa567ec8f3ae4",
    "https://esm.sh/is-glob@4.0.3/denonext/is-glob.mjs": "4555ca21a3af8a883c44c977fd1ff03be73dd7927dea188443992d01749b845d",
    "https://esm.sh/is-glob@4.0.3?target=denonext": "5fef477a765ea5f14bff33ee18156cd8398e8fba5fea6fa636ebe2280349e3ce",
    "https://esm.sh/merge2@1.4.1/denonext/merge2.mjs": "b7e2fe0b629b75aabc963fd1e6635d6dcf59f5f2df42111df1ced9d3d064fcec",
    "https://esm.sh/merge2@1.4.1?target=denonext": "a1286ee0e809c60cde57dcd9357fe3979d10abf74324608c83eb5640088c5053",
    "https://esm.sh/micromatch@4.0.8/denonext/micromatch.mjs": "3663f155546be362a116c4a6bcececb00df29ed5870b308809ddb255ade2a78b",
    "https://esm.sh/micromatch@4.0.8?target=denonext": "5e66db24ea49ffe179d951391cb92d5173e4911a45a6793d189a83861dae0b2e",
    "https://esm.sh/minimatch@9.0.9/denonext/minimatch.mjs": "bea75eb1bdf51f441287e5fdd2d8e7ef004a30b1aa940a7ebae1cae891b27250",
    "https://esm.sh/minimatch@9.0.9?target=denonext": "33e33833a934b009a76d6dc91eefb33c9d184bf717e52d43ec3b81cb1151ffc5",
    "https://esm.sh/mkdirp@3.0.1/denonext/mkdirp.mjs": "fe49a0b5a9e49ab9074cdec254bda32bddbdda09e2ed29bf92d297005b6933be",
    "https://esm.sh/mkdirp@3.0.1?target=denonext": "1613c4e637a1803ce195aa57b57ccfbf37643ab99a227fb38123b90630d1cebe",
    "https://esm.sh/path-browserify@1.0.1/denonext/path-browserify.mjs": "885742678dd46f40859ea8eea872c92ae863e0977a77e1bf3ad261c37b01f303",
    "https://esm.sh/path-browserify@1.0.1?target=denonext": "e15a6ce89fc35cf0f38789778a020a3cae1430b5c27fcd7e9e6639a2813603ec",
    "https://esm.sh/picomatch@2.3.2/denonext/lib/utils.mjs": "45f633e260cee24bccade02b3790dc55299ec00d44936594e3ae920880d6f0d9",
    "https://esm.sh/picomatch@2.3.2/denonext/picomatch.mjs": "38fb00546024890c8de44d8ccfefbaa69ad617cd9316047042232315271d9984",
    "https://esm.sh/picomatch@2.3.2/lib/utils?target=denonext": "4b8429a50ca285a2df683a424c62ee7b485d94f2dc26c743519d337aca69359d",
    "https://esm.sh/picomatch@2.3.2?target=denonext": "f3ed33f7cb4e270a8f6689d4e855f2ed05df9b1be5f793141ae73840b4c83a92",
    "https://esm.sh/queue-microtask@1.2.3/denonext/queue-microtask.mjs": "b0e153a240d836527feea7b9ecfa99fa8e5a5ef7e48b43092b7cecd8649a8712",
    "https://esm.sh/queue-microtask@1.2.3?target=denonext": "fc6002fc339a8edbab36e4e6df1d245a0c3a5dc507edf4e5fb7e857f8b117aa2",
    "https://esm.sh/reusify@1.1.0/denonext/reusify.mjs": "3b91b42988a3ec3984cef34b99cd5f67b4a008609c3d4fc5d35e8f2d1aab8cef",
    "https://esm.sh/reusify@1.1.0?target=denonext": "aea1fd894bd8993f740cf053799f9639ee649122854c1fe4a5425d5aa2dc5e96",
    "https://esm.sh/run-parallel@1.2.0/denonext/run-parallel.mjs": "77808968c9de972bb725e73559c80e64bf9524b7d2f781941115d023fd42e7b3",
    "https://esm.sh/run-parallel@1.2.0?target=denonext": "2acc47cfa930a6c5e502877b2e5ee9cd2a2ec81e4fcc579f3c0bdebe32590de6",
    "https://esm.sh/source-map-support@0.5.21/denonext/source-map-support.mjs": "07b16eadac43d9ab36c92c0860425b2e07844575fe7c3a19fa0e5c5118d38951",
    "https://esm.sh/source-map-support@0.5.21?target=denonext": "abc0f37c6b4b5704ca31e8f1d1679618692911fab29f65a472ae650db67c9307",
    "https://esm.sh/source-map@0.6.1/denonext/source-map.mjs": "ed3f2cf0c5f9561924c9b923ea8ffc24709ae31f1a90dd6c67be04c99598f626",
    "https://esm.sh/source-map@0.6.1?target=denonext": "3803db0ea481a551d1b0f98b57c3b32597fe2c03a5204fbec3aa58d1892f5fa0",
    "https://esm.sh/to-regex-range@5.0.1/denonext/to-regex-range.mjs": "3f099b66f908b58dd6ee20afd1fed4616ea02fd0c118dc91ff1ed3e72d795bc7",
    "https://esm.sh/to-regex-range@5.0.1?target=denonext": "5d6ed8b93f9fc4009378f84ade74e2681c2264b37e79f978c557037c612086ed",
    "https://esm.sh/ts-morph@21.0.1": "da7bb7e3a28d8589a6478d3377aa116c3ad598f4124eba06b1c67831764c4482",
    "https://esm.sh/ts-morph@21.0.1/denonext/ts-morph.mjs": "09bca9dd4ca3ddc9fc66a218e1b2621c7292dd491dde3f5e478c124234e6af7e"
  },
  "workspace": {
    "dependencies": [
      "npm:playwright@*"
    ]
  }
}
