{
  "version": "5",
  "specifiers": {
    "npm:@axe-core/playwright@*": "4.11.2_playwright-core@1.60.0",
    "npm:@playwright/test@*": "1.60.0",
    "npm:playwright@*": "1.60.0"
  },
  "npm": {
    "@axe-core/playwright@4.11.2_playwright-core@1.60.0": {
      "integrity": "sha512-iP6hfNl9G0j/SEUSo8M7D80RbcDo9KRAAfDP4IT5OHB+Wm6zUHIrm8Y51BKI+Oyqduvipf9u1hcRy57zCBKzWQ==",
      "dependencies": [
        "axe-core",
        "playwright-core"
      ]
    },
    "@playwright/test@1.60.0": {
      "integrity": "sha512-O71yZIbAh/PxDMNGns37GHBIfrVkEVyn+AXyIa5dOTfb4/xNvRWV+Vv/NMbNCtODB/pO7vLlF2OTmMVLhmr7Ag==",
      "dependencies": [
        "playwright"
      ],
      "bin": true
    },
    "axe-core@4.11.3": {
      "integrity": "sha512-zBQouZixDTbo3jMGqHKyePxYxr1e5W8UdTmBQ7sNtaA9M2bE32daxxPLS/jojhKOHxQ7LWwPjfiwf/fhaJWzlg=="
    },
    "fsevents@2.3.2": {
      "integrity": "sha512-xiqMQR4xAeHTuB9uWm+fFRcIOgKBMiOBP+eXiyT7jsgVCq1bkVygt00oASowB7EdtpOHaaPgKt812P9ab+DDKA==",
      "os": ["darwin"],
      "scripts": true
    },
    "playwright-core@1.60.0": {
      "integrity": "sha512-9bW6zvX/m0lEbgTKJ6YppOKx8H3VOPBMOCFh2irXFOT4BbHgrx5hPjwJYLT40Lu+4qtD36qKc/Hn56StUW57IA==",
      "bin": true
    },
    "playwright@1.60.0": {
      "integrity": "sha512-hheHdokM8cdqCb0lcE3s+zT4t4W+vvjpGxsZlDnikarzx8tSzMebh3UiFtgqwFwnTnjYQcsyMF8ei2mCO/tpeA==",
      "dependencies": [
        "playwright-core"
      ],
      "optionalDependencies": [
        "fsevents"
      ],
      "bin": true
    }
  },
  "workspace": {
    "dependencies": [
      "npm:playwright@*"
    ]
  }
}
